// !$*UTF8*$!
{
	archiveVersion = 1;
	classes = {
	};
	objectVersion = 51;
	objects = {

/* Begin PBXBuildFile section */
		2C03151F25FD3E6C008FD459 /* OverView.swift in Sources */ = {isa = PBXBuildFile; fileRef = 2C03151E25FD3E6C008FD459 /* OverView.swift */; };
		2C03152325FD6CDF008FD459 /* ActiveSession.swift in Sources */ = {isa = PBXBuildFile; fileRef = 2C03152225FD6CDF008FD459 /* ActiveSession.swift */; };
		2C03152625FD6FA3008FD459 /* AddNewUserView.swift in Sources */ = {isa = PBXBuildFile; fileRef = 2C03152525FD6FA3008FD459 /* AddNewUserView.swift */; };
		2C40294C25FAD7B600268220 /* ProfileEditView.swift in Sources */ = {isa = PBXBuildFile; fileRef = 2C40294B25FAD7B600268220 /* ProfileEditView.swift */; };
		2C48467C263700C700656C5E /* Exam+CoreDataClass.swift 16-06-57-625.swift in Sources */ = {isa = PBXBuildFile; fileRef = 2C484676263700C600656C5E /* Exam+CoreDataClass.swift 16-06-57-625.swift */; };
		2C48467D263700C700656C5E /* Sample+CoreDataProperties.swift 16-06-57-693.swift in Sources */ = {isa = PBXBuildFile; fileRef = 2C484677263700C600656C5E /* Sample+CoreDataProperties.swift 16-06-57-693.swift */; };
		2C48467E263700C700656C5E /* Sample+CoreDataClass.swift 16-06-57-635.swift in Sources */ = {isa = PBXBuildFile; fileRef = 2C484678263700C600656C5E /* Sample+CoreDataClass.swift 16-06-57-635.swift */; };
		2C48467F263700C700656C5E /* Exam+CoreDataProperties.swift 16-06-57-689.swift in Sources */ = {isa = PBXBuildFile; fileRef = 2C484679263700C600656C5E /* Exam+CoreDataProperties.swift 16-06-57-689.swift */; };
		2C48468626370C9700656C5E /* Formatters.swift in Sources */ = {isa = PBXBuildFile; fileRef = 2C48468526370C9700656C5E /* Formatters.swift */; };
		2C484689263740FD00656C5E /* Enums.swift in Sources */ = {isa = PBXBuildFile; fileRef = 2C484688263740FD00656C5E /* Enums.swift */; };
		2C48468C263744C000656C5E /* ColorPickerView.swift in Sources */ = {isa = PBXBuildFile; fileRef = 2C48468B263744C000656C5E /* ColorPickerView.swift */; };
		2C48468F26375A4400656C5E /* UserIcon.swift in Sources */ = {isa = PBXBuildFile; fileRef = 2C48468E26375A4400656C5E /* UserIcon.swift */; };
		2C48469626375C4800656C5E /* Animations.swift in Sources */ = {isa = PBXBuildFile; fileRef = 2C48469526375C4800656C5E /* Animations.swift */; };
		2C48469B263819B000656C5E /* Profile+CoreDataClass.swift in Sources */ = {isa = PBXBuildFile; fileRef = 2C484699263819AF00656C5E /* Profile+CoreDataClass.swift */; };
		2C48469C263819B000656C5E /* Profile+CoreDataProperties.swift in Sources */ = {isa = PBXBuildFile; fileRef = 2C48469A263819B000656C5E /* Profile+CoreDataProperties.swift */; };
		2C4846A526383A9A00656C5E /* UserRemovalOverlay.swift in Sources */ = {isa = PBXBuildFile; fileRef = 2C4846A426383A9A00656C5E /* UserRemovalOverlay.swift */; };
		2C5E226E25F7B83D002E8306 /* GraphExamView.swift in Sources */ = {isa = PBXBuildFile; fileRef = 2C5E226D25F7B83D002E8306 /* GraphExamView.swift */; };
		2C5E227125F7B85F002E8306 /* GraphSummaryView.swift in Sources */ = {isa = PBXBuildFile; fileRef = 2C5E227025F7B85F002E8306 /* GraphSummaryView.swift */; };
		2C9540962621CD9200D115FE /* BTView.swift in Sources */ = {isa = PBXBuildFile; fileRef = 2C9540952621CD9200D115FE /* BTView.swift */; };
		2C9540992621D34F00D115FE /* BLEConnection.swift in Sources */ = {isa = PBXBuildFile; fileRef = 2C9540982621D34F00D115FE /* BLEConnection.swift */; };
		2CC3157A263456D4007ABCF8 /* Chart.swift in Sources */ = {isa = PBXBuildFile; fileRef = 2CC31579263456D4007ABCF8 /* Chart.swift */; };
		2CC6167325F657BA0082FC63 /* EKGApp.swift in Sources */ = {isa = PBXBuildFile; fileRef = 2CC6167225F657BA0082FC63 /* EKGApp.swift */; };
		2CC6167525F657BA0082FC63 /* ContentView.swift in Sources */ = {isa = PBXBuildFile; fileRef = 2CC6167425F657BA0082FC63 /* ContentView.swift */; };
		2CC6167725F657BC0082FC63 /* Assets.xcassets in Resources */ = {isa = PBXBuildFile; fileRef = 2CC6167625F657BC0082FC63 /* Assets.xcassets */; };
		2CC6167A25F657BC0082FC63 /* Preview Assets.xcassets in Resources */ = {isa = PBXBuildFile; fileRef = 2CC6167925F657BC0082FC63 /* Preview Assets.xcassets */; };
		2CC6167C25F657BC0082FC63 /* Persistence.swift in Sources */ = {isa = PBXBuildFile; fileRef = 2CC6167B25F657BC0082FC63 /* Persistence.swift */; };
		2CC6167F25F657BC0082FC63 /* EKG.xcdatamodeld in Sources */ = {isa = PBXBuildFile; fileRef = 2CC6167D25F657BC0082FC63 /* EKG.xcdatamodeld */; };
		2CC6168B25F660270082FC63 /* GraphDetail.swift in Sources */ = {isa = PBXBuildFile; fileRef = 2CC6168A25F660270082FC63 /* GraphDetail.swift */; };
		2CC6168F25F6603D0082FC63 /* HistoryView.swift in Sources */ = {isa = PBXBuildFile; fileRef = 2CC6168E25F6603D0082FC63 /* HistoryView.swift */; };
		2CC6169B25F6D4F80082FC63 /* HistoryRow.swift in Sources */ = {isa = PBXBuildFile; fileRef = 2CC6169A25F6D4F80082FC63 /* HistoryRow.swift */; };
		8087124F376F23F61EABD8C9 /* Pods_EKG.framework in Frameworks */ = {isa = PBXBuildFile; fileRef = C00BC46188FA5071CDBDC71A /* Pods_EKG.framework */; };
/* End PBXBuildFile section */

/* Begin PBXFileReference section */
		2C03151E25FD3E6C008FD459 /* OverView.swift */ = {isa = PBXFileReference; lastKnownFileType = sourcecode.swift; path = OverView.swift; sourceTree = "<group>"; };
		2C03152225FD6CDF008FD459 /* ActiveSession.swift */ = {isa = PBXFileReference; lastKnownFileType = sourcecode.swift; path = ActiveSession.swift; sourceTree = "<group>"; };
		2C03152525FD6FA3008FD459 /* AddNewUserView.swift */ = {isa = PBXFileReference; lastKnownFileType = sourcecode.swift; path = AddNewUserView.swift; sourceTree = "<group>"; };
		2C40294B25FAD7B600268220 /* ProfileEditView.swift */ = {isa = PBXFileReference; lastKnownFileType = sourcecode.swift; path = ProfileEditView.swift; sourceTree = "<group>"; };
		2C484676263700C600656C5E /* Exam+CoreDataClass.swift 16-06-57-625.swift */ = {isa = PBXFileReference; fileEncoding = 4; lastKnownFileType = sourcecode.swift; path = "Exam+CoreDataClass.swift 16-06-57-625.swift"; sourceTree = "<group>"; };
		2C484677263700C600656C5E /* Sample+CoreDataProperties.swift 16-06-57-693.swift */ = {isa = PBXFileReference; fileEncoding = 4; lastKnownFileType = sourcecode.swift; path = "Sample+CoreDataProperties.swift 16-06-57-693.swift"; sourceTree = "<group>"; };
		2C484678263700C600656C5E /* Sample+CoreDataClass.swift 16-06-57-635.swift */ = {isa = PBXFileReference; fileEncoding = 4; lastKnownFileType = sourcecode.swift; path = "Sample+CoreDataClass.swift 16-06-57-635.swift"; sourceTree = "<group>"; };
		2C484679263700C600656C5E /* Exam+CoreDataProperties.swift 16-06-57-689.swift */ = {isa = PBXFileReference; fileEncoding = 4; lastKnownFileType = sourcecode.swift; path = "Exam+CoreDataProperties.swift 16-06-57-689.swift"; sourceTree = "<group>"; };
		2C48468526370C9700656C5E /* Formatters.swift */ = {isa = PBXFileReference; lastKnownFileType = sourcecode.swift; path = Formatters.swift; sourceTree = "<group>"; };
		2C484688263740FD00656C5E /* Enums.swift */ = {isa = PBXFileReference; lastKnownFileType = sourcecode.swift; path = Enums.swift; sourceTree = "<group>"; };
		2C48468B263744C000656C5E /* ColorPickerView.swift */ = {isa = PBXFileReference; lastKnownFileType = sourcecode.swift; path = ColorPickerView.swift; sourceTree = "<group>"; };
		2C48468E26375A4400656C5E /* UserIcon.swift */ = {isa = PBXFileReference; lastKnownFileType = sourcecode.swift; path = UserIcon.swift; sourceTree = "<group>"; };
		2C48469526375C4800656C5E /* Animations.swift */ = {isa = PBXFileReference; lastKnownFileType = sourcecode.swift; path = Animations.swift; sourceTree = "<group>"; };
		2C484699263819AF00656C5E /* Profile+CoreDataClass.swift */ = {isa = PBXFileReference; lastKnownFileType = sourcecode.swift; name = "Profile+CoreDataClass.swift"; path = "/Users/krzysztofchodkiewicz/Documents/Biurko/studia/CHMURY/TM/EKG/EKG/Models/CoreData/Profile+CoreDataClass.swift"; sourceTree = "<absolute>"; };
		2C48469A263819B000656C5E /* Profile+CoreDataProperties.swift */ = {isa = PBXFileReference; lastKnownFileType = sourcecode.swift; name = "Profile+CoreDataProperties.swift"; path = "/Users/krzysztofchodkiewicz/Documents/Biurko/studia/CHMURY/TM/EKG/EKG/Models/CoreData/Profile+CoreDataProperties.swift"; sourceTree = "<absolute>"; };
		2C4846A426383A9A00656C5E /* UserRemovalOverlay.swift */ = {isa = PBXFileReference; lastKnownFileType = sourcecode.swift; path = UserRemovalOverlay.swift; sourceTree = "<group>"; };
		2C5E226D25F7B83D002E8306 /* GraphExamView.swift */ = {isa = PBXFileReference; lastKnownFileType = sourcecode.swift; path = GraphExamView.swift; sourceTree = "<group>"; };
		2C5E227025F7B85F002E8306 /* GraphSummaryView.swift */ = {isa = PBXFileReference; lastKnownFileType = sourcecode.swift; path = GraphSummaryView.swift; sourceTree = "<group>"; };
		2C9540952621CD9200D115FE /* BTView.swift */ = {isa = PBXFileReference; lastKnownFileType = sourcecode.swift; path = BTView.swift; sourceTree = "<group>"; };
		2C9540982621D34F00D115FE /* BLEConnection.swift */ = {isa = PBXFileReference; lastKnownFileType = sourcecode.swift; path = BLEConnection.swift; sourceTree = "<group>"; };
		2CC31579263456D4007ABCF8 /* Chart.swift */ = {isa = PBXFileReference; lastKnownFileType = sourcecode.swift; path = Chart.swift; sourceTree = "<group>"; };
		2CC3158226345DE3007ABCF8 /* COMMShiftByte.swift */ = {isa = PBXFileReference; lastKnownFileType = sourcecode.swift; path = COMMShiftByte.swift; sourceTree = "<group>"; };
		2CC3158326345DE3007ABCF8 /* COMMFrame.swift */ = {isa = PBXFileReference; lastKnownFileType = sourcecode.swift; path = COMMFrame.swift; sourceTree = "<group>"; };
		2CC6166F25F657BA0082FC63 /* EKG.app */ = {isa = PBXFileReference; explicitFileType = wrapper.application; includeInIndex = 0; path = EKG.app; sourceTree = BUILT_PRODUCTS_DIR; };
		2CC6167225F657BA0082FC63 /* EKGApp.swift */ = {isa = PBXFileReference; lastKnownFileType = sourcecode.swift; path = EKGApp.swift; sourceTree = "<group>"; };
		2CC6167425F657BA0082FC63 /* ContentView.swift */ = {isa = PBXFileReference; lastKnownFileType = sourcecode.swift; path = ContentView.swift; sourceTree = "<group>"; };
		2CC6167625F657BC0082FC63 /* Assets.xcassets */ = {isa = PBXFileReference; lastKnownFileType = folder.assetcatalog; path = Assets.xcassets; sourceTree = "<group>"; };
		2CC6167925F657BC0082FC63 /* Preview Assets.xcassets */ = {isa = PBXFileReference; lastKnownFileType = folder.assetcatalog; path = "Preview Assets.xcassets"; sourceTree = "<group>"; };
		2CC6167B25F657BC0082FC63 /* Persistence.swift */ = {isa = PBXFileReference; lastKnownFileType = sourcecode.swift; path = Persistence.swift; sourceTree = "<group>"; };
		2CC6167E25F657BC0082FC63 /* EKG.xcdatamodel */ = {isa = PBXFileReference; lastKnownFileType = wrapper.xcdatamodel; path = EKG.xcdatamodel; sourceTree = "<group>"; };
		2CC6168025F657BC0082FC63 /* Info.plist */ = {isa = PBXFileReference; lastKnownFileType = text.plist.xml; path = Info.plist; sourceTree = "<group>"; };
		2CC6168A25F660270082FC63 /* GraphDetail.swift */ = {isa = PBXFileReference; lastKnownFileType = sourcecode.swift; path = GraphDetail.swift; sourceTree = "<group>"; };
		2CC6168E25F6603D0082FC63 /* HistoryView.swift */ = {isa = PBXFileReference; lastKnownFileType = sourcecode.swift; path = HistoryView.swift; sourceTree = "<group>"; };
		2CC6169A25F6D4F80082FC63 /* HistoryRow.swift */ = {isa = PBXFileReference; lastKnownFileType = sourcecode.swift; path = HistoryRow.swift; sourceTree = "<group>"; };
		5BDFF963D48E3A75DD4E5DE7 /* Pods-EKG.release.xcconfig */ = {isa = PBXFileReference; includeInIndex = 1; lastKnownFileType = text.xcconfig; name = "Pods-EKG.release.xcconfig"; path = "Target Support Files/Pods-EKG/Pods-EKG.release.xcconfig"; sourceTree = "<group>"; };
		7E88409701BA03AA391BFBC6 /* Pods-EKG.debug.xcconfig */ = {isa = PBXFileReference; includeInIndex = 1; lastKnownFileType = text.xcconfig; name = "Pods-EKG.debug.xcconfig"; path = "Target Support Files/Pods-EKG/Pods-EKG.debug.xcconfig"; sourceTree = "<group>"; };
		C00BC46188FA5071CDBDC71A /* Pods_EKG.framework */ = {isa = PBXFileReference; explicitFileType = wrapper.framework; includeInIndex = 0; path = Pods_EKG.framework; sourceTree = BUILT_PRODUCTS_DIR; };
/* End PBXFileReference section */

/* Begin PBXFrameworksBuildPhase section */
		2CC6166C25F657BA0082FC63 /* Frameworks */ = {
			isa = PBXFrameworksBuildPhase;
			buildActionMask = 2147483647;
			files = (
				8087124F376F23F61EABD8C9 /* Pods_EKG.framework in Frameworks */,
			);
			runOnlyForDeploymentPostprocessing = 0;
		};
/* End PBXFrameworksBuildPhase section */

/* Begin PBXGroup section */
		0B2C043EACB41030C584A09E /* Frameworks */ = {
			isa = PBXGroup;
			children = (
				C00BC46188FA5071CDBDC71A /* Pods_EKG.framework */,
			);
			name = Frameworks;
			sourceTree = "<group>";
		};
		2C4846542636FA9500656C5E /* CoreData */ = {
			isa = PBXGroup;
			children = (
				2C484699263819AF00656C5E /* Profile+CoreDataClass.swift */,
				2C48469A263819B000656C5E /* Profile+CoreDataProperties.swift */,
				2C484676263700C600656C5E /* Exam+CoreDataClass.swift 16-06-57-625.swift */,
				2C484679263700C600656C5E /* Exam+CoreDataProperties.swift 16-06-57-689.swift */,
				2C484678263700C600656C5E /* Sample+CoreDataClass.swift 16-06-57-635.swift */,
				2C484677263700C600656C5E /* Sample+CoreDataProperties.swift 16-06-57-693.swift */,
			);
			path = CoreData;
			sourceTree = "<group>";
		};
		2C48468426370C3E00656C5E /* Utils */ = {
			isa = PBXGroup;
			children = (
				2C48468526370C9700656C5E /* Formatters.swift */,
				2C484688263740FD00656C5E /* Enums.swift */,
				2C48469526375C4800656C5E /* Animations.swift */,
			);
			path = Utils;
			sourceTree = "<group>";
		};
		2C48469126375B9A00656C5E /* SupportViews */ = {
			isa = PBXGroup;
			children = (
				2C03152525FD6FA3008FD459 /* AddNewUserView.swift */,
				2C9540952621CD9200D115FE /* BTView.swift */,
				2C48468B263744C000656C5E /* ColorPickerView.swift */,
				2C48468E26375A4400656C5E /* UserIcon.swift */,
				2C4846A426383A9A00656C5E /* UserRemovalOverlay.swift */,
			);
			path = SupportViews;
			sourceTree = "<group>";
		};
		2CC3158126345DD6007ABCF8 /* COMM */ = {
			isa = PBXGroup;
			children = (
				2CC3158326345DE3007ABCF8 /* COMMFrame.swift */,
				2CC3158226345DE3007ABCF8 /* COMMShiftByte.swift */,
			);
			path = COMM;
			sourceTree = "<group>";
		};
		2CC6166625F657BA0082FC63 = {
			isa = PBXGroup;
			children = (
				2CC6167125F657BA0082FC63 /* EKG */,
				2CC6167025F657BA0082FC63 /* Products */,
				FBAB18F9FD5141B11C7687C0 /* Pods */,
				0B2C043EACB41030C584A09E /* Frameworks */,
			);
			sourceTree = "<group>";
		};
		2CC6167025F657BA0082FC63 /* Products */ = {
			isa = PBXGroup;
			children = (
				2CC6166F25F657BA0082FC63 /* EKG.app */,
			);
			name = Products;
			sourceTree = "<group>";
		};
		2CC6167125F657BA0082FC63 /* EKG */ = {
			isa = PBXGroup;
			children = (
				2C48468426370C3E00656C5E /* Utils */,
				2CC6168925F65FF40082FC63 /* Models */,
				2CC6168825F65FDE0082FC63 /* Views */,
				2CC6167225F657BA0082FC63 /* EKGApp.swift */,
				2CC6167425F657BA0082FC63 /* ContentView.swift */,
				2CC6167625F657BC0082FC63 /* Assets.xcassets */,
				2CC6167B25F657BC0082FC63 /* Persistence.swift */,
				2CC6168025F657BC0082FC63 /* Info.plist */,
				2CC6167D25F657BC0082FC63 /* EKG.xcdatamodeld */,
				2CC6167825F657BC0082FC63 /* Preview Content */,
			);
			path = EKG;
			sourceTree = "<group>";
		};
		2CC6167825F657BC0082FC63 /* Preview Content */ = {
			isa = PBXGroup;
			children = (
				2CC6167925F657BC0082FC63 /* Preview Assets.xcassets */,
			);
			path = "Preview Content";
			sourceTree = "<group>";
		};
		2CC6168825F65FDE0082FC63 /* Views */ = {
			isa = PBXGroup;
			children = (
				2C48469126375B9A00656C5E /* SupportViews */,
				2CC6169F25F6D5290082FC63 /* ProfileViews */,
				2CC6169E25F6D5220082FC63 /* GraphViews */,
				2CC6169D25F6D51B0082FC63 /* HistoryViews */,
				2C03151E25FD3E6C008FD459 /* OverView.swift */,
			);
			path = Views;
			sourceTree = "<group>";
		};
		2CC6168925F65FF40082FC63 /* Models */ = {
			isa = PBXGroup;
			children = (
				2C4846542636FA9500656C5E /* CoreData */,
				2CC3158126345DD6007ABCF8 /* COMM */,
				2C03152225FD6CDF008FD459 /* ActiveSession.swift */,
				2C9540982621D34F00D115FE /* BLEConnection.swift */,
			);
			path = Models;
			sourceTree = "<group>";
		};
		2CC6169D25F6D51B0082FC63 /* HistoryViews */ = {
			isa = PBXGroup;
			children = (
				2CC6168E25F6603D0082FC63 /* HistoryView.swift */,
				2CC6169A25F6D4F80082FC63 /* HistoryRow.swift */,
			);
			path = HistoryViews;
			sourceTree = "<group>";
		};
		2CC6169E25F6D5220082FC63 /* GraphViews */ = {
			isa = PBXGroup;
			children = (
				2CC6168A25F660270082FC63 /* GraphDetail.swift */,
				2C5E226D25F7B83D002E8306 /* GraphExamView.swift */,
				2C5E227025F7B85F002E8306 /* GraphSummaryView.swift */,
				2CC31579263456D4007ABCF8 /* Chart.swift */,
			);
			path = GraphViews;
			sourceTree = "<group>";
		};
		2CC6169F25F6D5290082FC63 /* ProfileViews */ = {
			isa = PBXGroup;
			children = (
				2C40294B25FAD7B600268220 /* ProfileEditView.swift */,
			);
			path = ProfileViews;
			sourceTree = "<group>";
		};
		FBAB18F9FD5141B11C7687C0 /* Pods */ = {
			isa = PBXGroup;
			children = (
				7E88409701BA03AA391BFBC6 /* Pods-EKG.debug.xcconfig */,
				5BDFF963D48E3A75DD4E5DE7 /* Pods-EKG.release.xcconfig */,
			);
			path = Pods;
			sourceTree = "<group>";
		};
/* End PBXGroup section */

/* Begin PBXNativeTarget section */
		2CC6166E25F657BA0082FC63 /* EKG */ = {
			isa = PBXNativeTarget;
			buildConfigurationList = 2CC6168325F657BC0082FC63 /* Build configuration list for PBXNativeTarget "EKG" */;
			buildPhases = (
				72D9842C0BBD51CFB37EEE7B /* [CP] Check Pods Manifest.lock */,
				2CC6166B25F657BA0082FC63 /* Sources */,
				2CC6166C25F657BA0082FC63 /* Frameworks */,
				2CC6166D25F657BA0082FC63 /* Resources */,
				4CF254A6B4CEEEC8AF745BC0 /* [CP] Embed Pods Frameworks */,
				2C4846A82638713400656C5E /* ShellScript */,
			);
			buildRules = (
			);
			dependencies = (
			);
			name = EKG;
			productName = EKG;
			productReference = 2CC6166F25F657BA0082FC63 /* EKG.app */;
			productType = "com.apple.product-type.application";
		};
/* End PBXNativeTarget section */

/* Begin PBXProject section */
		2CC6166725F657BA0082FC63 /* Project object */ = {
			isa = PBXProject;
			attributes = {
				LastSwiftUpdateCheck = 1240;
				LastUpgradeCheck = 1240;
				TargetAttributes = {
					2CC6166E25F657BA0082FC63 = {
						CreatedOnToolsVersion = 12.4;
					};
				};
			};
			buildConfigurationList = 2CC6166A25F657BA0082FC63 /* Build configuration list for PBXProject "EKG" */;
			compatibilityVersion = "Xcode 9.3";
			developmentRegion = en;
			hasScannedForEncodings = 0;
			knownRegions = (
				en,
				Base,
			);
			mainGroup = 2CC6166625F657BA0082FC63;
			productRefGroup = 2CC6167025F657BA0082FC63 /* Products */;
			projectDirPath = "";
			projectRoot = "";
			targets = (
				2CC6166E25F657BA0082FC63 /* EKG */,
			);
		};
/* End PBXProject section */

/* Begin PBXResourcesBuildPhase section */
		2CC6166D25F657BA0082FC63 /* Resources */ = {
			isa = PBXResourcesBuildPhase;
			buildActionMask = 2147483647;
			files = (
				2CC6167A25F657BC0082FC63 /* Preview Assets.xcassets in Resources */,
				2CC6167725F657BC0082FC63 /* Assets.xcassets in Resources */,
			);
			runOnlyForDeploymentPostprocessing = 0;
		};
/* End PBXResourcesBuildPhase section */

/* Begin PBXShellScriptBuildPhase section */
		2C4846A82638713400656C5E /* ShellScript */ = {
			isa = PBXShellScriptBuildPhase;
			buildActionMask = 2147483647;
			files = (
			);
			inputFileListPaths = (
			);
			inputPaths = (
			);
			outputFileListPaths = (
			);
			outputPaths = (
			);
			runOnlyForDeploymentPostprocessing = 0;
			shellPath = /bin/sh;
			shellScript = "TAGS=\"TODO:|FIXME:\"\nERRORTAG=\"ERROR:\"\nfind \"${SRCROOT}/EKG\" \\( -name \"*.h\" -or -name \"*.m\" -or -name \"*.swift\" \\) -print0 | xargs -0 egrep --with-filename --line-number --only-matching \"($TAGS).*\\$|($ERRORTAG).*\\$\" | perl -p -e \"s/($TAGS)/ warning: \\$1/\" | perl -p -e \"s/($ERRORTAG)/ error: \\$1/\"\n";
		};
		4CF254A6B4CEEEC8AF745BC0 /* [CP] Embed Pods Frameworks */ = {
			isa = PBXShellScriptBuildPhase;
			buildActionMask = 2147483647;
			files = (
			);
			inputFileListPaths = (
				"${PODS_ROOT}/Target Support Files/Pods-EKG/Pods-EKG-frameworks-${CONFIGURATION}-input-files.xcfilelist",
			);
			name = "[CP] Embed Pods Frameworks";
			outputFileListPaths = (
				"${PODS_ROOT}/Target Support Files/Pods-EKG/Pods-EKG-frameworks-${CONFIGURATION}-output-files.xcfilelist",
			);
			runOnlyForDeploymentPostprocessing = 0;
			shellPath = /bin/sh;
			shellScript = "\"${PODS_ROOT}/Target Support Files/Pods-EKG/Pods-EKG-frameworks.sh\"\n";
			showEnvVarsInLog = 0;
		};
		72D9842C0BBD51CFB37EEE7B /* [CP] Check Pods Manifest.lock */ = {
			isa = PBXShellScriptBuildPhase;
			buildActionMask = 2147483647;
			files = (
			);
			inputFileListPaths = (
			);
			inputPaths = (
				"${PODS_PODFILE_DIR_PATH}/Podfile.lock",
				"${PODS_ROOT}/Manifest.lock",
			);
			name = "[CP] Check Pods Manifest.lock";
			outputFileListPaths = (
			);
			outputPaths = (
				"$(DERIVED_FILE_DIR)/Pods-EKG-checkManifestLockResult.txt",
			);
			runOnlyForDeploymentPostprocessing = 0;
			shellPath = /bin/sh;
			shellScript = "diff \"${PODS_PODFILE_DIR_PATH}/Podfile.lock\" \"${PODS_ROOT}/Manifest.lock\" > /dev/null\nif [ $? != 0 ] ; then\n    # print error to STDERR\n    echo \"error: The sandbox is not in sync with the Podfile.lock. Run 'pod install' or update your CocoaPods installation.\" >&2\n    exit 1\nfi\n# This output is used by Xcode 'outputs' to avoid re-running this script phase.\necho \"SUCCESS\" > \"${SCRIPT_OUTPUT_FILE_0}\"\n";
			showEnvVarsInLog = 0;
		};
/* End PBXShellScriptBuildPhase section */

/* Begin PBXSourcesBuildPhase section */
		2CC6166B25F657BA0082FC63 /* Sources */ = {
			isa = PBXSourcesBuildPhase;
			buildActionMask = 2147483647;
			files = (
				2CC6168B25F660270082FC63 /* GraphDetail.swift in Sources */,
				2C48468F26375A4400656C5E /* UserIcon.swift in Sources */,
				2C40294C25FAD7B600268220 /* ProfileEditView.swift in Sources */,
				2C48468626370C9700656C5E /* Formatters.swift in Sources */,
				2C5E226E25F7B83D002E8306 /* GraphExamView.swift in Sources */,
				2C48467E263700C700656C5E /* Sample+CoreDataClass.swift 16-06-57-635.swift in Sources */,
				2CC6168F25F6603D0082FC63 /* HistoryView.swift in Sources */,
				2C9540962621CD9200D115FE /* BTView.swift in Sources */,
				2C48467F263700C700656C5E /* Exam+CoreDataProperties.swift 16-06-57-689.swift in Sources */,
				2CC6167C25F657BC0082FC63 /* Persistence.swift in Sources */,
				2C48469C263819B000656C5E /* Profile+CoreDataProperties.swift in Sources */,
				2C4846A526383A9A00656C5E /* UserRemovalOverlay.swift in Sources */,
				2C9540992621D34F00D115FE /* BLEConnection.swift in Sources */,
				2C48467C263700C700656C5E /* Exam+CoreDataClass.swift 16-06-57-625.swift in Sources */,
				2CC6167525F657BA0082FC63 /* ContentView.swift in Sources */,
				2C48467D263700C700656C5E /* Sample+CoreDataProperties.swift 16-06-57-693.swift in Sources */,
				2C48468C263744C000656C5E /* ColorPickerView.swift in Sources */,
				2C48469626375C4800656C5E /* Animations.swift in Sources */,
				2C03152625FD6FA3008FD459 /* AddNewUserView.swift in Sources */,
				2CC3157A263456D4007ABCF8 /* Chart.swift in Sources */,
				2C03151F25FD3E6C008FD459 /* OverView.swift in Sources */,
				2CC6169B25F6D4F80082FC63 /* HistoryRow.swift in Sources */,
				2CC6167325F657BA0082FC63 /* EKGApp.swift in Sources */,
				2C484689263740FD00656C5E /* Enums.swift in Sources */,
				2C48469B263819B000656C5E /* Profile+CoreDataClass.swift in Sources */,
				2CC6167F25F657BC0082FC63 /* EKG.xcdatamodeld in Sources */,
				2C03152325FD6CDF008FD459 /* ActiveSession.swift in Sources */,
				2C5E227125F7B85F002E8306 /* GraphSummaryView.swift in Sources */,
			);
			runOnlyForDeploymentPostprocessing = 0;
		};
/* End PBXSourcesBuildPhase section */

/* Begin XCBuildConfiguration section */
		2CC6168125F657BC0082FC63 /* Debug */ = {
			isa = XCBuildConfiguration;
			buildSettings = {
				ALWAYS_SEARCH_USER_PATHS = NO;
				CLANG_ANALYZER_NONNULL = YES;
				CLANG_ANALYZER_NUMBER_OBJECT_CONVERSION = YES_AGGRESSIVE;
				CLANG_CXX_LANGUAGE_STANDARD = "gnu++14";
				CLANG_CXX_LIBRARY = "libc++";
				CLANG_ENABLE_MODULES = YES;
				CLANG_ENABLE_OBJC_ARC = YES;
				CLANG_ENABLE_OBJC_WEAK = YES;
				CLANG_WARN_BLOCK_CAPTURE_AUTORELEASING = YES;
				CLANG_WARN_BOOL_CONVERSION = YES;
				CLANG_WARN_COMMA = YES;
				CLANG_WARN_CONSTANT_CONVERSION = YES;
				CLANG_WARN_DEPRECATED_OBJC_IMPLEMENTATIONS = YES;
				CLANG_WARN_DIRECT_OBJC_ISA_USAGE = YES_ERROR;
				CLANG_WARN_DOCUMENTATION_COMMENTS = YES;
				CLANG_WARN_EMPTY_BODY = YES;
				CLANG_WARN_ENUM_CONVERSION = YES;
				CLANG_WARN_INFINITE_RECURSION = YES;
				CLANG_WARN_INT_CONVERSION = YES;
				CLANG_WARN_NON_LITERAL_NULL_CONVERSION = YES;
				CLANG_WARN_OBJC_IMPLICIT_RETAIN_SELF = YES;
				CLANG_WARN_OBJC_LITERAL_CONVERSION = YES;
				CLANG_WARN_OBJC_ROOT_CLASS = YES_ERROR;
				CLANG_WARN_QUOTED_INCLUDE_IN_FRAMEWORK_HEADER = YES;
				CLANG_WARN_RANGE_LOOP_ANALYSIS = YES;
				CLANG_WARN_STRICT_PROTOTYPES = YES;
				CLANG_WARN_SUSPICIOUS_MOVE = YES;
				CLANG_WARN_UNGUARDED_AVAILABILITY = YES_AGGRESSIVE;
				CLANG_WARN_UNREACHABLE_CODE = YES;
				CLANG_WARN__DUPLICATE_METHOD_MATCH = YES;
				COPY_PHASE_STRIP = NO;
				DEBUG_INFORMATION_FORMAT = dwarf;
				ENABLE_STRICT_OBJC_MSGSEND = YES;
				ENABLE_TESTABILITY = YES;
				GCC_C_LANGUAGE_STANDARD = gnu11;
				GCC_DYNAMIC_NO_PIC = NO;
				GCC_NO_COMMON_BLOCKS = YES;
				GCC_OPTIMIZATION_LEVEL = 0;
				GCC_PREPROCESSOR_DEFINITIONS = (
					"DEBUG=1",
					"$(inherited)",
				);
				GCC_WARN_64_TO_32_BIT_CONVERSION = YES;
				GCC_WARN_ABOUT_RETURN_TYPE = YES_ERROR;
				GCC_WARN_UNDECLARED_SELECTOR = YES;
				GCC_WARN_UNINITIALIZED_AUTOS = YES_AGGRESSIVE;
				GCC_WARN_UNUSED_FUNCTION = YES;
				GCC_WARN_UNUSED_VARIABLE = YES;
				IPHONEOS_DEPLOYMENT_TARGET = 14.5;
				MTL_ENABLE_DEBUG_INFO = INCLUDE_SOURCE;
				MTL_FAST_MATH = YES;
				ONLY_ACTIVE_ARCH = YES;
				SDKROOT = iphoneos;
				SWIFT_ACTIVE_COMPILATION_CONDITIONS = DEBUG;
				SWIFT_OPTIMIZATION_LEVEL = "-Onone";
			};
			name = Debug;
		};
		2CC6168225F657BC0082FC63 /* Release */ = {
			isa = XCBuildConfiguration;
			buildSettings = {
				ALWAYS_SEARCH_USER_PATHS = NO;
				CLANG_ANALYZER_NONNULL = YES;
				CLANG_ANALYZER_NUMBER_OBJECT_CONVERSION = YES_AGGRESSIVE;
				CLANG_CXX_LANGUAGE_STANDARD = "gnu++14";
				CLANG_CXX_LIBRARY = "libc++";
				CLANG_ENABLE_MODULES = YES;
				CLANG_ENABLE_OBJC_ARC = YES;
				CLANG_ENABLE_OBJC_WEAK = YES;
				CLANG_WARN_BLOCK_CAPTURE_AUTORELEASING = YES;
				CLANG_WARN_BOOL_CONVERSION = YES;
				CLANG_WARN_COMMA = YES;
				CLANG_WARN_CONSTANT_CONVERSION = YES;
				CLANG_WARN_DEPRECATED_OBJC_IMPLEMENTATIONS = YES;
				CLANG_WARN_DIRECT_OBJC_ISA_USAGE = YES_ERROR;
				CLANG_WARN_DOCUMENTATION_COMMENTS = YES;
				CLANG_WARN_EMPTY_BODY = YES;
				CLANG_WARN_ENUM_CONVERSION = YES;
				CLANG_WARN_INFINITE_RECURSION = YES;
				CLANG_WARN_INT_CONVERSION = YES;
				CLANG_WARN_NON_LITERAL_NULL_CONVERSION = YES;
				CLANG_WARN_OBJC_IMPLICIT_RETAIN_SELF = YES;
				CLANG_WARN_OBJC_LITERAL_CONVERSION = YES;
				CLANG_WARN_OBJC_ROOT_CLASS = YES_ERROR;
				CLANG_WARN_QUOTED_INCLUDE_IN_FRAMEWORK_HEADER = YES;
				CLANG_WARN_RANGE_LOOP_ANALYSIS = YES;
				CLANG_WARN_STRICT_PROTOTYPES = YES;
				CLANG_WARN_SUSPICIOUS_MOVE = YES;
				CLANG_WARN_UNGUARDED_AVAILABILITY = YES_AGGRESSIVE;
				CLANG_WARN_UNREACHABLE_CODE = YES;
				CLANG_WARN__DUPLICATE_METHOD_MATCH = YES;
				COPY_PHASE_STRIP = NO;
				DEBUG_INFORMATION_FORMAT = "dwarf-with-dsym";
				ENABLE_NS_ASSERTIONS = NO;
				ENABLE_STRICT_OBJC_MSGSEND = YES;
				GCC_C_LANGUAGE_STANDARD = gnu11;
				GCC_NO_COMMON_BLOCKS = YES;
				GCC_WARN_64_TO_32_BIT_CONVERSION = YES;
				GCC_WARN_ABOUT_RETURN_TYPE = YES_ERROR;
				GCC_WARN_UNDECLARED_SELECTOR = YES;
				GCC_WARN_UNINITIALIZED_AUTOS = YES_AGGRESSIVE;
				GCC_WARN_UNUSED_FUNCTION = YES;
				GCC_WARN_UNUSED_VARIABLE = YES;
				IPHONEOS_DEPLOYMENT_TARGET = 14.5;
				MTL_ENABLE_DEBUG_INFO = NO;
				MTL_FAST_MATH = YES;
				SDKROOT = iphoneos;
				SWIFT_COMPILATION_MODE = wholemodule;
				SWIFT_OPTIMIZATION_LEVEL = "-O";
				VALIDATE_PRODUCT = YES;
			};
			name = Release;
		};
		2CC6168425F657BC0082FC63 /* Debug */ = {
			isa = XCBuildConfiguration;
			baseConfigurationReference = 7E88409701BA03AA391BFBC6 /* Pods-EKG.debug.xcconfig */;
			buildSettings = {
				ASSETCATALOG_COMPILER_APPICON_NAME = AppIcon;
				ASSETCATALOG_COMPILER_GLOBAL_ACCENT_COLOR_NAME = AccentColor;
				CODE_SIGN_STYLE = Automatic;
				DEVELOPMENT_ASSET_PATHS = "\"EKG/Preview Content\"";
				DEVELOPMENT_TEAM = HZT5R8K49P;
				ENABLE_PREVIEWS = YES;
				INFOPLIST_FILE = EKG/Info.plist;
				IPHONEOS_DEPLOYMENT_TARGET = 14.0;
				LD_RUNPATH_SEARCH_PATHS = (
					"$(inherited)",
					"@executable_path/Frameworks",
				);
				PRODUCT_BUNDLE_IDENTIFIER = "com.chodkiewicz-kwiatkowski-pietryja.EKG";
				PRODUCT_NAME = "$(TARGET_NAME)";
				SWIFT_VERSION = 5.0;
				TARGETED_DEVICE_FAMILY = 1;
			};
			name = Debug;
		};
		2CC6168525F657BC0082FC63 /* Release */ = {
			isa = XCBuildConfiguration;
			baseConfigurationReference = 5BDFF963D48E3A75DD4E5DE7 /* Pods-EKG.release.xcconfig */;
			buildSettings = {
				ASSETCATALOG_COMPILER_APPICON_NAME = AppIcon;
				ASSETCATALOG_COMPILER_GLOBAL_ACCENT_COLOR_NAME = AccentColor;
				CODE_SIGN_STYLE = Automatic;
				DEVELOPMENT_ASSET_PATHS = "\"EKG/Preview Content\"";
				DEVELOPMENT_TEAM = HZT5R8K49P;
				ENABLE_PREVIEWS = YES;
				INFOPLIST_FILE = EKG/Info.plist;
				IPHONEOS_DEPLOYMENT_TARGET = 14.0;
				LD_RUNPATH_SEARCH_PATHS = (
					"$(inherited)",
					"@executable_path/Frameworks",
				);
				PRODUCT_BUNDLE_IDENTIFIER = "com.chodkiewicz-kwiatkowski-pietryja.EKG";
				PRODUCT_NAME = "$(TARGET_NAME)";
				SWIFT_VERSION = 5.0;
				TARGETED_DEVICE_FAMILY = 1;
			};
			name = Release;
		};
/* End XCBuildConfiguration section */

/* Begin XCConfigurationList section */
		2CC6166A25F657BA0082FC63 /* Build configuration list for PBXProject "EKG" */ = {
			isa = XCConfigurationList;
			buildConfigurations = (
				2CC6168125F657BC0082FC63 /* Debug */,
				2CC6168225F657BC0082FC63 /* Release */,
			);
			defaultConfigurationIsVisible = 0;
			defaultConfigurationName = Release;
		};
		2CC6168325F657BC0082FC63 /* Build configuration list for PBXNativeTarget "EKG" */ = {
			isa = XCConfigurationList;
			buildConfigurations = (
				2CC6168425F657BC0082FC63 /* Debug */,
				2CC6168525F657BC0082FC63 /* Release */,
			);
			defaultConfigurationIsVisible = 0;
			defaultConfigurationName = Release;
		};
/* End XCConfigurationList section */

/* Begin XCVersionGroup section */
		2CC6167D25F657BC0082FC63 /* EKG.xcdatamodeld */ = {
			isa = XCVersionGroup;
			children = (
				2CC6167E25F657BC0082FC63 /* EKG.xcdatamodel */,
			);
			currentVersion = 2CC6167E25F657BC0082FC63 /* EKG.xcdatamodel */;
			path = EKG.xcdatamodeld;
			sourceTree = "<group>";
			versionGroupType = wrapper.xcdatamodel;
		};
/* End XCVersionGroup section */
	};
	rootObject = 2CC6166725F657BA0082FC63 /* Project object */;
}
